# This file was created by EMIT 2027 R1 so that additional instances
# of EMIT can safely open the project for read-only use. It is safe to
# delete this lock file whenever the containing project is not open in
# any instances of EMIT.

Date: 03/20/2026
Time: 15:53:29
Host: AAPRGJ5pUsdlNzY.win.ansys.com
PID: 49544
Application: EMIT
Version: 2027 R1
